
Microsoft Visual Studio Solution File, Format Version 12.00
# Visual Studio Version 17
VisualStudioVersion = 17.2.32616.157
MinimumVisualStudioVersion = 10.0.40219.1
Project("{FAE04EC0-301F-11D3-BF4B-00C04F79EFBC}") = "IterationStatementExercise1", "IterationStatementExercise1\IterationStatementExercise1.csproj", "{173C78BF-9460-4844-A6A4-8E7C869D838C}"
EndProject
Global
	GlobalSection(SolutionConfigurationPlatforms) = preSolution
		Debug|Any CPU = Debug|Any CPU
		Release|Any CPU = Release|Any CPU
	EndGlobalSection
	GlobalSection(ProjectConfigurationPlatforms) = postSolution
		{173C78BF-9460-4844-A6A4-8E7C869D838C}.Debug|Any CPU.ActiveCfg = Debug|Any CPU
		{173C78BF-9460-4844-A6A4-8E7C869D838C}.Debug|Any CPU.Build.0 = Debug|Any CPU
		{173C78BF-9460-4844-A6A4-8E7C869D838C}.Release|Any CPU.ActiveCfg = Release|Any CPU
		{173C78BF-9460-4844-A6A4-8E7C869D838C}.Release|Any CPU.Build.0 = Release|Any CPU
	EndGlobalSection
	GlobalSection(SolutionProperties) = preSolution
		HideSolutionNode = FALSE
	EndGlobalSection
	GlobalSection(ExtensibilityGlobals) = postSolution
		SolutionGuid = {8A16D523-F92B-4278-A764-2E804FC2F9B8}
	EndGlobalSection
EndGlobal
